
Microsoft Visual Studio Solution File, Format Version 12.00
# Visual Studio Version 17
VisualStudioVersion = 17.7.34024.191
MinimumVisualStudioVersion = 10.0.40219.1
Project("{FAE04EC0-301F-11D3-BF4B-00C04F79EFBC}") = "WpfProba", "WpfProba\WpfProba.csproj", "{C847DF32-B772-4962-83E4-C59E7E9B0269}"
EndProject
Global
	GlobalSection(SolutionConfigurationPlatforms) = preSolution
		Debug|Any CPU = Debug|Any CPU
		Release|Any CPU = Release|Any CPU
	EndGlobalSection
	GlobalSection(ProjectConfigurationPlatforms) = postSolution
		{C847DF32-B772-4962-83E4-C59E7E9B0269}.Debug|Any CPU.ActiveCfg = Debug|Any CPU
		{C847DF32-B772-4962-83E4-C59E7E9B0269}.Debug|Any CPU.Build.0 = Debug|Any CPU
		{C847DF32-B772-4962-83E4-C59E7E9B0269}.Release|Any CPU.ActiveCfg = Release|Any CPU
		{C847DF32-B772-4962-83E4-C59E7E9B0269}.Release|Any CPU.Build.0 = Release|Any CPU
	EndGlobalSection
	GlobalSection(SolutionProperties) = preSolution
		HideSolutionNode = FALSE
	EndGlobalSection
	GlobalSection(ExtensibilityGlobals) = postSolution
		SolutionGuid = {3A09A8B3-A90A-4063-89A5-B7093A8306E0}
	EndGlobalSection
EndGlobal
