
Microsoft Visual Studio Solution File, Format Version 12.00
# Visual Studio Version 17
VisualStudioVersion = 17.7.34024.191
MinimumVisualStudioVersion = 10.0.40219.1
Project("{FAE04EC0-301F-11D3-BF4B-00C04F79EFBC}") = "FileKezeles1025", "FileKezeles1025\FileKezeles1025.csproj", "{DD21FA16-F382-487D-97AF-58A8B57E87E6}"
EndProject
Global
	GlobalSection(SolutionConfigurationPlatforms) = preSolution
		Debug|Any CPU = Debug|Any CPU
		Release|Any CPU = Release|Any CPU
	EndGlobalSection
	GlobalSection(ProjectConfigurationPlatforms) = postSolution
		{DD21FA16-F382-487D-97AF-58A8B57E87E6}.Debug|Any CPU.ActiveCfg = Debug|Any CPU
		{DD21FA16-F382-487D-97AF-58A8B57E87E6}.Debug|Any CPU.Build.0 = Debug|Any CPU
		{DD21FA16-F382-487D-97AF-58A8B57E87E6}.Release|Any CPU.ActiveCfg = Release|Any CPU
		{DD21FA16-F382-487D-97AF-58A8B57E87E6}.Release|Any CPU.Build.0 = Release|Any CPU
	EndGlobalSection
	GlobalSection(SolutionProperties) = preSolution
		HideSolutionNode = FALSE
	EndGlobalSection
	GlobalSection(ExtensibilityGlobals) = postSolution
		SolutionGuid = {E23004CC-FD5B-4DB7-970B-60793CEE7E6F}
	EndGlobalSection
EndGlobal
