
Microsoft Visual Studio Solution File, Format Version 12.00
# Visual Studio Version 17
VisualStudioVersion = 17.7.34024.191
MinimumVisualStudioVersion = 10.0.40219.1
Project("{FAE04EC0-301F-11D3-BF4B-00C04F79EFBC}") = "szalloda", "szalloda\szalloda.csproj", "{EAA87B35-F343-4950-AE28-09264DF62BCD}"
EndProject
Global
	GlobalSection(SolutionConfigurationPlatforms) = preSolution
		Debug|Any CPU = Debug|Any CPU
		Release|Any CPU = Release|Any CPU
	EndGlobalSection
	GlobalSection(ProjectConfigurationPlatforms) = postSolution
		{EAA87B35-F343-4950-AE28-09264DF62BCD}.Debug|Any CPU.ActiveCfg = Debug|Any CPU
		{EAA87B35-F343-4950-AE28-09264DF62BCD}.Debug|Any CPU.Build.0 = Debug|Any CPU
		{EAA87B35-F343-4950-AE28-09264DF62BCD}.Release|Any CPU.ActiveCfg = Release|Any CPU
		{EAA87B35-F343-4950-AE28-09264DF62BCD}.Release|Any CPU.Build.0 = Release|Any CPU
	EndGlobalSection
	GlobalSection(SolutionProperties) = preSolution
		HideSolutionNode = FALSE
	EndGlobalSection
	GlobalSection(ExtensibilityGlobals) = postSolution
		SolutionGuid = {3A12EAF1-7178-4B09-9BF5-81269A09ADF6}
	EndGlobalSection
EndGlobal
