
Microsoft Visual Studio Solution File, Format Version 12.00
# Visual Studio Version 17
VisualStudioVersion = 17.7.34024.191
MinimumVisualStudioVersion = 10.0.40219.1
Project("{FAE04EC0-301F-11D3-BF4B-00C04F79EFBC}") = "proba", "proba\proba.csproj", "{CAD67170-7A05-43C1-AF9A-E304D00CF7A1}"
EndProject
Global
	GlobalSection(SolutionConfigurationPlatforms) = preSolution
		Debug|Any CPU = Debug|Any CPU
		Release|Any CPU = Release|Any CPU
	EndGlobalSection
	GlobalSection(ProjectConfigurationPlatforms) = postSolution
		{CAD67170-7A05-43C1-AF9A-E304D00CF7A1}.Debug|Any CPU.ActiveCfg = Debug|Any CPU
		{CAD67170-7A05-43C1-AF9A-E304D00CF7A1}.Debug|Any CPU.Build.0 = Debug|Any CPU
		{CAD67170-7A05-43C1-AF9A-E304D00CF7A1}.Release|Any CPU.ActiveCfg = Release|Any CPU
		{CAD67170-7A05-43C1-AF9A-E304D00CF7A1}.Release|Any CPU.Build.0 = Release|Any CPU
	EndGlobalSection
	GlobalSection(SolutionProperties) = preSolution
		HideSolutionNode = FALSE
	EndGlobalSection
	GlobalSection(ExtensibilityGlobals) = postSolution
		SolutionGuid = {B7791E96-30EE-444D-A4EC-21D9D579FF17}
	EndGlobalSection
EndGlobal
