
Microsoft Visual Studio Solution File, Format Version 12.00
# Visual Studio Version 17
VisualStudioVersion = 17.7.34024.191
MinimumVisualStudioVersion = 10.0.40219.1
Project("{FAE04EC0-301F-11D3-BF4B-00C04F79EFBC}") = "helsinki1952", "helsinki1952\helsinki1952.csproj", "{66650E8E-114F-48C1-B19A-F78DAAFA9E65}"
EndProject
Global
	GlobalSection(SolutionConfigurationPlatforms) = preSolution
		Debug|Any CPU = Debug|Any CPU
		Release|Any CPU = Release|Any CPU
	EndGlobalSection
	GlobalSection(ProjectConfigurationPlatforms) = postSolution
		{66650E8E-114F-48C1-B19A-F78DAAFA9E65}.Debug|Any CPU.ActiveCfg = Debug|Any CPU
		{66650E8E-114F-48C1-B19A-F78DAAFA9E65}.Debug|Any CPU.Build.0 = Debug|Any CPU
		{66650E8E-114F-48C1-B19A-F78DAAFA9E65}.Release|Any CPU.ActiveCfg = Release|Any CPU
		{66650E8E-114F-48C1-B19A-F78DAAFA9E65}.Release|Any CPU.Build.0 = Release|Any CPU
	EndGlobalSection
	GlobalSection(SolutionProperties) = preSolution
		HideSolutionNode = FALSE
	EndGlobalSection
	GlobalSection(ExtensibilityGlobals) = postSolution
		SolutionGuid = {5B07C4FD-F5E5-42E7-83AD-3FC8642C68B0}
	EndGlobalSection
EndGlobal
