
Microsoft Visual Studio Solution File, Format Version 12.00
# Visual Studio Version 17
VisualStudioVersion = 17.7.34024.191
MinimumVisualStudioVersion = 10.0.40219.1
Project("{FAE04EC0-301F-11D3-BF4B-00C04F79EFBC}") = "ConsoleApp1", "ConsoleApp1\ConsoleApp1.csproj", "{A8514880-44DF-4AA3-9986-A1E77B09A630}"
EndProject
Global
	GlobalSection(SolutionConfigurationPlatforms) = preSolution
		Debug|Any CPU = Debug|Any CPU
		Release|Any CPU = Release|Any CPU
	EndGlobalSection
	GlobalSection(ProjectConfigurationPlatforms) = postSolution
		{A8514880-44DF-4AA3-9986-A1E77B09A630}.Debug|Any CPU.ActiveCfg = Debug|Any CPU
		{A8514880-44DF-4AA3-9986-A1E77B09A630}.Debug|Any CPU.Build.0 = Debug|Any CPU
		{A8514880-44DF-4AA3-9986-A1E77B09A630}.Release|Any CPU.ActiveCfg = Release|Any CPU
		{A8514880-44DF-4AA3-9986-A1E77B09A630}.Release|Any CPU.Build.0 = Release|Any CPU
	EndGlobalSection
	GlobalSection(SolutionProperties) = preSolution
		HideSolutionNode = FALSE
	EndGlobalSection
	GlobalSection(ExtensibilityGlobals) = postSolution
		SolutionGuid = {0838C073-B029-4723-AA65-7CF33B1A6658}
	EndGlobalSection
EndGlobal
