
Microsoft Visual Studio Solution File, Format Version 12.00
# Visual Studio Version 17
VisualStudioVersion = 17.7.34024.191
MinimumVisualStudioVersion = 10.0.40219.1
Project("{FAE04EC0-301F-11D3-BF4B-00C04F79EFBC}") = "gyakorlas1020", "gyakorlas1020\gyakorlas1020.csproj", "{876D2FFA-580E-46C0-8B66-971347949F52}"
EndProject
Global
	GlobalSection(SolutionConfigurationPlatforms) = preSolution
		Debug|Any CPU = Debug|Any CPU
		Release|Any CPU = Release|Any CPU
	EndGlobalSection
	GlobalSection(ProjectConfigurationPlatforms) = postSolution
		{876D2FFA-580E-46C0-8B66-971347949F52}.Debug|Any CPU.ActiveCfg = Debug|Any CPU
		{876D2FFA-580E-46C0-8B66-971347949F52}.Debug|Any CPU.Build.0 = Debug|Any CPU
		{876D2FFA-580E-46C0-8B66-971347949F52}.Release|Any CPU.ActiveCfg = Release|Any CPU
		{876D2FFA-580E-46C0-8B66-971347949F52}.Release|Any CPU.Build.0 = Release|Any CPU
	EndGlobalSection
	GlobalSection(SolutionProperties) = preSolution
		HideSolutionNode = FALSE
	EndGlobalSection
	GlobalSection(ExtensibilityGlobals) = postSolution
		SolutionGuid = {5FFE58B4-47ED-40B2-A7C3-E68EC1CDA52E}
	EndGlobalSection
EndGlobal
